<?xml version="1.0" encoding="UTF-8" standalone="yes" ?>
<CodeBlocks_project_file>
	<FileVersion major="1" minor="6" />
	<Project>
		<Option title="JimFarm" />
		<Option pch_mode="2" />
		<Option compiler="gcc" />
		<Build>
			<Target title="Release">
				<Option output="build/Jim Farm" prefix_auto="1" extension_auto="1" />
				<Option working_dir="build/" />
				<Option object_output="obj/" />
				<Option type="1" />
				<Option compiler="gcc" />
				<Compiler>
					<Add option="-std=c++11" />
					<Add option="-g" />
					<Add directory="include" />
					<Add directory="include/utility" />
					<Add directory="include/manager" />
				</Compiler>
				<Linker>
					<Add option="-lalpng" />
					<Add option="-lalleg" />
					<Add option="-lfmod" />
				</Linker>
				<ExtraCommands>
					<Add before="python updateDefs.py" />
				</ExtraCommands>
			</Target>
		</Build>
		<Compiler>
			<Add option="-Wall" />
		</Compiler>
		<Unit filename="include/Character.h" />
		<Unit filename="include/Chunk.h" />
		<Unit filename="include/GameMenu.h" />
		<Unit filename="include/Graphics.h" />
		<Unit filename="include/InteractBehaviour.h" />
		<Unit filename="include/Inventory.h" />
		<Unit filename="include/Item.h" />
		<Unit filename="include/MapItem.h" />
		<Unit filename="include/Menu.h" />
		<Unit filename="include/Messenger.h" />
		<Unit filename="include/SimplexNoise.h" />
		<Unit filename="include/Sprite.h" />
		<Unit filename="include/Tile.h" />
		<Unit filename="include/TileMap.h" />
		<Unit filename="include/World.h" />
		<Unit filename="include/manager/SoundManager.h" />
		<Unit filename="include/manager/TileType.h" />
		<Unit filename="include/manager/TileTypeManager.h" />
		<Unit filename="include/manager/item_defs.h" />
		<Unit filename="include/manager/sound_defs.h" />
		<Unit filename="include/manager/tile_defs.h" />
		<Unit filename="include/rapidxml/rapidxml.hpp" />
		<Unit filename="include/rapidxml/rapidxml_iterators.hpp" />
		<Unit filename="include/rapidxml/rapidxml_print.hpp" />
		<Unit filename="include/rapidxml/rapidxml_utils.hpp" />
		<Unit filename="include/utility/KeyListener.h" />
		<Unit filename="include/utility/MouseListener.h" />
		<Unit filename="include/utility/Tools.h" />
		<Unit filename="res/resources.rc">
			<Option compilerVar="WINDRES" />
		</Unit>
		<Unit filename="src/Character.cpp" />
		<Unit filename="src/Chunk.cpp" />
		<Unit filename="src/GameMenu.cpp" />
		<Unit filename="src/Graphics.cpp" />
		<Unit filename="src/InteractBehaviour.cpp" />
		<Unit filename="src/Inventory.cpp" />
		<Unit filename="src/Item.cpp" />
		<Unit filename="src/MapItem.cpp" />
		<Unit filename="src/Menu.cpp" />
		<Unit filename="src/Messenger.cpp" />
		<Unit filename="src/SimplexNoise.cpp" />
		<Unit filename="src/Sprite.cpp" />
		<Unit filename="src/Tile.cpp" />
		<Unit filename="src/TileMap.cpp" />
		<Unit filename="src/World.cpp" />
		<Unit filename="src/main.cpp" />
		<Unit filename="src/manager/SoundManager.cpp" />
		<Unit filename="src/manager/TileType.cpp" />
		<Unit filename="src/manager/TileTypeManager.cpp" />
		<Unit filename="src/utility/KeyListener.cpp" />
		<Unit filename="src/utility/MouseListener.cpp" />
		<Unit filename="src/utility/Tools.cpp" />
		<Extensions>
			<code_completion />
			<envvars />
			<debugger />
		</Extensions>
	</Project>
</CodeBlocks_project_file>
