<?xml version="1.0" encoding="UTF-8" standalone="yes" ?>
<CodeBlocks_project_file>
	<FileVersion major="1" minor="6" />
	<Project>
		<Option title="JimFarm" />
		<Option pch_mode="2" />
		<Option compiler="gcc" />
		<Build>
			<Target title="Release">
				<Option output="build/Jim Farm" prefix_auto="1" extension_auto="1" />
				<Option working_dir="build/" />
				<Option object_output="obj/" />
				<Option type="1" />
				<Option compiler="gcc" />
				<Compiler>
					<Add option="-O2" />
					<Add directory="include" />
					<Add directory="include/utility" />
					<Add directory="include/manager" />
				</Compiler>
				<Linker>
					<Add option="-s" />
					<Add option="-lalpng" />
					<Add option="-lalleg" />
					<Add option="-lfmod" />
				</Linker>
				<ExtraCommands>
					<Add before="python updateDefs.py" />
				</ExtraCommands>
			</Target>
		</Build>
		<Compiler>
			<Add option="-Wall" />
		</Compiler>
		<Unit filename="include/character.h" />
		<Unit filename="include/game_menu.h" />
		<Unit filename="include/inventory.h" />
		<Unit filename="include/item.h" />
		<Unit filename="include/manager/item_defs.h" />
		<Unit filename="include/manager/sound_defs.h" />
		<Unit filename="include/manager/sound_manager.h" />
		<Unit filename="include/manager/tile_defs.h" />
		<Unit filename="include/manager/tile_type.h" />
		<Unit filename="include/manager/tile_type_manager.h" />
		<Unit filename="include/menu.h" />
		<Unit filename="include/messenger.h" />
		<Unit filename="include/tile.h" />
		<Unit filename="include/tile_map.h" />
		<Unit filename="include/utility/keyListener.h" />
		<Unit filename="include/utility/mouseListener.h" />
		<Unit filename="include/utility/tools.h" />
		<Unit filename="res/resources.rc">
			<Option compilerVar="WINDRES" />
		</Unit>
		<Unit filename="src/character.cpp" />
		<Unit filename="src/game_menu.cpp" />
		<Unit filename="src/inventory.cpp" />
		<Unit filename="src/item.cpp" />
		<Unit filename="src/main.cpp" />
		<Unit filename="src/manager/sound_manager.cpp" />
		<Unit filename="src/manager/tile_type.cpp" />
		<Unit filename="src/manager/tile_type_manager.cpp" />
		<Unit filename="src/menu.cpp" />
		<Unit filename="src/messenger.cpp" />
		<Unit filename="src/tile.cpp" />
		<Unit filename="src/tile_map.cpp" />
		<Unit filename="src/utility/keyListener.cpp" />
		<Unit filename="src/utility/mouseListener.cpp" />
		<Unit filename="src/utility/tools.cpp" />
		<Extensions>
			<code_completion />
			<envvars />
			<debugger />
		</Extensions>
	</Project>
</CodeBlocks_project_file>
